
Microsoft Visual Studio Solution File, Format Version 12.00
# Visual Studio Version 16
VisualStudioVersion = 16.0.30717.126
MinimumVisualStudioVersion = 10.0.40219.1
Project("{FAE04EC0-301F-11D3-BF4B-00C04F79EFBC}") = "winCVTest01", "winCVTest01\winCVTest01.csproj", "{F54EFEB3-A3C2-45BB-913A-49F1181BCC50}"
EndProject
Global
	GlobalSection(SolutionConfigurationPlatforms) = preSolution
		Debug|Any CPU = Debug|Any CPU
		Release|Any CPU = Release|Any CPU
	EndGlobalSection
	GlobalSection(ProjectConfigurationPlatforms) = postSolution
		{F54EFEB3-A3C2-45BB-913A-49F1181BCC50}.Debug|Any CPU.ActiveCfg = Debug|Any CPU
		{F54EFEB3-A3C2-45BB-913A-49F1181BCC50}.Debug|Any CPU.Build.0 = Debug|Any CPU
		{F54EFEB3-A3C2-45BB-913A-49F1181BCC50}.Release|Any CPU.ActiveCfg = Release|Any CPU
		{F54EFEB3-A3C2-45BB-913A-49F1181BCC50}.Release|Any CPU.Build.0 = Release|Any CPU
	EndGlobalSection
	GlobalSection(SolutionProperties) = preSolution
		HideSolutionNode = FALSE
	EndGlobalSection
	GlobalSection(ExtensibilityGlobals) = postSolution
		SolutionGuid = {7CFBB1E4-93BC-4510-AC46-5C319CD3667E}
	EndGlobalSection
EndGlobal
